
Microsoft Visual Studio Solution File, Format Version 12.00
# Visual Studio Version 17
VisualStudioVersion = 17.10.35122.118
MinimumVisualStudioVersion = 10.0.40219.1
Project("{FAE04EC0-301F-11D3-BF4B-00C04F79EFBC}") = "Vestibular.API", "Vestibular.API\Vestibular.API.csproj", "{8D71156B-6CA2-46CD-AC00-DCEDE544ABAD}"
EndProject
Project("{FAE04EC0-301F-11D3-BF4B-00C04F79EFBC}") = "Vestibular.Infrastructure", "Vestibular.Infraestrutura\Vestibular.Infrastructure.csproj", "{908C0681-1FF9-4F0B-B041-B914087E4B69}"
EndProject
Project("{FAE04EC0-301F-11D3-BF4B-00C04F79EFBC}") = "Vestibular.Domain", "Vestibular.Domain\Vestibular.Domain.csproj", "{BFBF9DDA-C4CE-4586-AF6B-F5923185DBF3}"
EndProject
Project("{FAE04EC0-301F-11D3-BF4B-00C04F79EFBC}") = "Vestibular.Aplication", "Vestibular.Aplication\Vestibular.Aplication.csproj", "{6C575B58-38FB-46C0-893A-D56059157E83}"
EndProject
Global
	GlobalSection(SolutionConfigurationPlatforms) = preSolution
		Debug|Any CPU = Debug|Any CPU
		Release|Any CPU = Release|Any CPU
	EndGlobalSection
	GlobalSection(ProjectConfigurationPlatforms) = postSolution
		{8D71156B-6CA2-46CD-AC00-DCEDE544ABAD}.Debug|Any CPU.ActiveCfg = Debug|Any CPU
		{8D71156B-6CA2-46CD-AC00-DCEDE544ABAD}.Debug|Any CPU.Build.0 = Debug|Any CPU
		{8D71156B-6CA2-46CD-AC00-DCEDE544ABAD}.Release|Any CPU.ActiveCfg = Release|Any CPU
		{8D71156B-6CA2-46CD-AC00-DCEDE544ABAD}.Release|Any CPU.Build.0 = Release|Any CPU
		{908C0681-1FF9-4F0B-B041-B914087E4B69}.Debug|Any CPU.ActiveCfg = Debug|Any CPU
		{908C0681-1FF9-4F0B-B041-B914087E4B69}.Debug|Any CPU.Build.0 = Debug|Any CPU
		{908C0681-1FF9-4F0B-B041-B914087E4B69}.Release|Any CPU.ActiveCfg = Release|Any CPU
		{908C0681-1FF9-4F0B-B041-B914087E4B69}.Release|Any CPU.Build.0 = Release|Any CPU
		{BFBF9DDA-C4CE-4586-AF6B-F5923185DBF3}.Debug|Any CPU.ActiveCfg = Debug|Any CPU
		{BFBF9DDA-C4CE-4586-AF6B-F5923185DBF3}.Debug|Any CPU.Build.0 = Debug|Any CPU
		{BFBF9DDA-C4CE-4586-AF6B-F5923185DBF3}.Release|Any CPU.ActiveCfg = Release|Any CPU
		{BFBF9DDA-C4CE-4586-AF6B-F5923185DBF3}.Release|Any CPU.Build.0 = Release|Any CPU
		{6C575B58-38FB-46C0-893A-D56059157E83}.Debug|Any CPU.ActiveCfg = Debug|Any CPU
		{6C575B58-38FB-46C0-893A-D56059157E83}.Debug|Any CPU.Build.0 = Debug|Any CPU
		{6C575B58-38FB-46C0-893A-D56059157E83}.Release|Any CPU.ActiveCfg = Release|Any CPU
		{6C575B58-38FB-46C0-893A-D56059157E83}.Release|Any CPU.Build.0 = Release|Any CPU
	EndGlobalSection
	GlobalSection(SolutionProperties) = preSolution
		HideSolutionNode = FALSE
	EndGlobalSection
	GlobalSection(ExtensibilityGlobals) = postSolution
		SolutionGuid = {CAD98257-91FD-4F04-B83C-09358D137D6B}
	EndGlobalSection
EndGlobal
